
Microsoft Visual Studio Solution File, Format Version 12.00
# Visual Studio Version 17
VisualStudioVersion = 17.5.33627.172
MinimumVisualStudioVersion = 10.0.40219.1
Project("{FAE04EC0-301F-11D3-BF4B-00C04F79EFBC}") = "Reverse Linked List", "Reverse Linked List.csproj", "{C93F0D43-3905-4790-8790-3BB998944AD8}"
EndProject
Global
	GlobalSection(SolutionConfigurationPlatforms) = preSolution
		Debug|Any CPU = Debug|Any CPU
		Release|Any CPU = Release|Any CPU
	EndGlobalSection
	GlobalSection(ProjectConfigurationPlatforms) = postSolution
		{C93F0D43-3905-4790-8790-3BB998944AD8}.Debug|Any CPU.ActiveCfg = Debug|Any CPU
		{C93F0D43-3905-4790-8790-3BB998944AD8}.Debug|Any CPU.Build.0 = Debug|Any CPU
		{C93F0D43-3905-4790-8790-3BB998944AD8}.Release|Any CPU.ActiveCfg = Release|Any CPU
		{C93F0D43-3905-4790-8790-3BB998944AD8}.Release|Any CPU.Build.0 = Release|Any CPU
	EndGlobalSection
	GlobalSection(SolutionProperties) = preSolution
		HideSolutionNode = FALSE
	EndGlobalSection
	GlobalSection(ExtensibilityGlobals) = postSolution
		SolutionGuid = {A24050E0-6605-4D8B-8205-8A1C5A0E3F43}
	EndGlobalSection
EndGlobal
